
Microsoft Visual Studio Solution File, Format Version 12.00
# Visual Studio Version 17
VisualStudioVersion = 17.12.35527.113 d17.12
MinimumVisualStudioVersion = 10.0.40219.1
Project("{FAE04EC0-301F-11D3-BF4B-00C04F79EFBC}") = "Nostalgia Guild Roster Updater", "Nostalgia Guild Roster Updater.csproj", "{028FB007-4496-471F-8152-93F67B7CF3AB}"
EndProject
Global
	GlobalSection(SolutionConfigurationPlatforms) = preSolution
		Debug|Any CPU = Debug|Any CPU
		Release|Any CPU = Release|Any CPU
	EndGlobalSection
	GlobalSection(ProjectConfigurationPlatforms) = postSolution
		{028FB007-4496-471F-8152-93F67B7CF3AB}.Debug|Any CPU.ActiveCfg = Debug|Any CPU
		{028FB007-4496-471F-8152-93F67B7CF3AB}.Debug|Any CPU.Build.0 = Debug|Any CPU
		{028FB007-4496-471F-8152-93F67B7CF3AB}.Release|Any CPU.ActiveCfg = Release|Any CPU
		{028FB007-4496-471F-8152-93F67B7CF3AB}.Release|Any CPU.Build.0 = Release|Any CPU
	EndGlobalSection
	GlobalSection(SolutionProperties) = preSolution
		HideSolutionNode = FALSE
	EndGlobalSection
EndGlobal
